
Microsoft Visual Studio Solution File, Format Version 12.00
# Visual Studio Version 17
VisualStudioVersion = 17.0.31903.59
MinimumVisualStudioVersion = 10.0.40219.1
Project("{2150E333-8FDC-42A3-9474-1A3956D46DE8}") = "src", "src", "{827E0CD3-B72D-47B6-A68D-7590B98EB39B}"
EndProject
Project("{2150E333-8FDC-42A3-9474-1A3956D46DE8}") = "server", "server", "{E6B48023-E680-40DA-9E17-319585C26937}"
EndProject
Project("{2150E333-8FDC-42A3-9474-1A3956D46DE8}") = "Api", "Api", "{3E66FED4-B31B-BAB0-4F88-54194A44B17A}"
EndProject
Project("{FAE04EC0-301F-11D3-BF4B-00C04F79EFBC}") = "PartsTracker.Api", "src\server\Api\PartsTracker.Api\PartsTracker.Api.csproj", "{96F81337-EE48-40AF-AE71-3E38A96AF07D}"
EndProject
Project("{2150E333-8FDC-42A3-9474-1A3956D46DE8}") = "Shared", "Shared", "{87A70F27-2A8C-CD46-F15D-9FB17EE6A210}"
EndProject
Project("{FAE04EC0-301F-11D3-BF4B-00C04F79EFBC}") = "PartsTracker.Shared.Application", "src\server\Shared\PartsTracker.Shared.Application\PartsTracker.Shared.Application.csproj", "{BB79D6AD-B45A-44B5-B653-A9CAAC75770D}"
EndProject
Project("{FAE04EC0-301F-11D3-BF4B-00C04F79EFBC}") = "PartsTracker.Shared.Domain", "src\server\Shared\PartsTracker.Shared.Domain\PartsTracker.Shared.Domain.csproj", "{27F22581-37A2-4113-80A6-F5934FD224AA}"
EndProject
Project("{FAE04EC0-301F-11D3-BF4B-00C04F79EFBC}") = "PartsTracker.Shared.Infrastructure", "src\server\Shared\PartsTracker.Shared.Infrastructure\PartsTracker.Shared.Infrastructure.csproj", "{4B5EF521-4E8A-49B4-A3B1-E39C8EF8D08D}"
EndProject
Project("{FAE04EC0-301F-11D3-BF4B-00C04F79EFBC}") = "PartsTracker.Shared.Presentation", "src\server\Shared\PartsTracker.Shared.Presentation\PartsTracker.Shared.Presentation.csproj", "{785AA269-BD43-4F41-BA3B-FFA8B5ABDE05}"
EndProject
Project("{2150E333-8FDC-42A3-9474-1A3956D46DE8}") = "Modules", "Modules", "{3EAA1022-078B-7EEC-88C8-12280A6EA069}"
EndProject
Project("{2150E333-8FDC-42A3-9474-1A3956D46DE8}") = "Users", "Users", "{F93BFB14-4956-6268-9695-7CC6BE7C7CFF}"
EndProject
Project("{FAE04EC0-301F-11D3-BF4B-00C04F79EFBC}") = "PartsTracker.Modules.Users.Application", "src\server\Modules\Users\PartsTracker.Modules.Users.Application\PartsTracker.Modules.Users.Application.csproj", "{87483B30-0328-43C4-9CDD-D4AA67531BBD}"
EndProject
Project("{FAE04EC0-301F-11D3-BF4B-00C04F79EFBC}") = "PartsTracker.Modules.Users.Domain", "src\server\Modules\Users\PartsTracker.Modules.Users.Domain\PartsTracker.Modules.Users.Domain.csproj", "{900BF41D-9FBF-4BC8-B9E6-1A30742BD181}"
EndProject
Project("{FAE04EC0-301F-11D3-BF4B-00C04F79EFBC}") = "PartsTracker.Modules.Users.Infrastructure", "src\server\Modules\Users\PartsTracker.Modules.Users.Infrastructure\PartsTracker.Modules.Users.Infrastructure.csproj", "{73950CAA-1DCB-460B-B1F2-92A36CF5F8C3}"
EndProject
Project("{FAE04EC0-301F-11D3-BF4B-00C04F79EFBC}") = "PartsTracker.Modules.Users.IntegrationEvents", "src\server\Modules\Users\PartsTracker.Modules.Users.IntegrationEvents\PartsTracker.Modules.Users.IntegrationEvents.csproj", "{2A300CFB-2C9A-4E55-88BB-ACB8281BE836}"
EndProject
Project("{FAE04EC0-301F-11D3-BF4B-00C04F79EFBC}") = "PartsTracker.Modules.Users.Presentation", "src\server\Modules\Users\PartsTracker.Modules.Users.Presentation\PartsTracker.Modules.Users.Presentation.csproj", "{BD831907-E763-4E17-BF14-6411859C7032}"
EndProject
Project("{2150E333-8FDC-42A3-9474-1A3956D46DE8}") = "Parts", "Parts", "{BAF5058E-012D-E18F-3DE1-FE2FEE6AE745}"
EndProject
Project("{FAE04EC0-301F-11D3-BF4B-00C04F79EFBC}") = "PartsTracker.Modules.Parts.Application", "src\server\Modules\Parts\PartsTracker.Modules.Parts.Application\PartsTracker.Modules.Parts.Application.csproj", "{7D8500AA-89D8-424A-BBD8-128251EE4D14}"
EndProject
Project("{FAE04EC0-301F-11D3-BF4B-00C04F79EFBC}") = "PartsTracker.Modules.Parts.Domain", "src\server\Modules\Parts\PartsTracker.Modules.Parts.Domain\PartsTracker.Modules.Parts.Domain.csproj", "{43580DDF-1955-4738-9570-4E06561E734B}"
EndProject
Project("{FAE04EC0-301F-11D3-BF4B-00C04F79EFBC}") = "PartsTracker.Modules.Parts.Infrastructure", "src\server\Modules\Parts\PartsTracker.Modules.Parts.Infrastructure\PartsTracker.Modules.Parts.Infrastructure.csproj", "{8106F130-6005-463C-A28F-4AF2988A71B7}"
EndProject
Project("{FAE04EC0-301F-11D3-BF4B-00C04F79EFBC}") = "PartsTracker.Modules.Parts.IntegrationEvents", "src\server\Modules\Parts\PartsTracker.Modules.Parts.IntegrationEvents\PartsTracker.Modules.Parts.IntegrationEvents.csproj", "{C9357DAB-EBE0-4ABF-AE9D-E52633BE9FAF}"
EndProject
Project("{FAE04EC0-301F-11D3-BF4B-00C04F79EFBC}") = "PartsTracker.Modules.Parts.Presentation", "src\server\Modules\Parts\PartsTracker.Modules.Parts.Presentation\PartsTracker.Modules.Parts.Presentation.csproj", "{B47834BC-5D3E-46E7-8F88-93366A01F4BC}"
EndProject
Project("{2150E333-8FDC-42A3-9474-1A3956D46DE8}") = "web", "web", "{02EA681E-C7D8-13C7-8484-4AC65E1B71E8}"
EndProject
Project("{54A90642-561A-4BB1-A94E-469ADEE60C69}") = "partstracker.web", "src\web\PartsTracker.Web\partstracker.web.esproj", "{EF8CEF4B-D7FA-18DC-C578-4D18DC6EC7BB}"
EndProject
Project("{2150E333-8FDC-42A3-9474-1A3956D46DE8}") = "Solution Items", "Solution Items", "{F164DA83-58A9-430E-BE5E-18F5F37EEAB8}"
	ProjectSection(SolutionItems) = preProject
		src\server\.editorconfig = src\server\.editorconfig
		src\server\Directory.Build.props = src\server\Directory.Build.props
	EndProjectSection
EndProject
Project("{E53339B2-1760-4266-BCC7-CA923CBCF16C}") = "docker-compose", "docker-compose\docker-compose.dcproj", "{428C82D3-D616-4765-8A6A-DE50541CE102}"
EndProject
Project("{2150E333-8FDC-42A3-9474-1A3956D46DE8}") = "Tests", "Tests", "{3BD402F8-8E5C-4AD4-B577-3CD61619D88B}"
EndProject
Project("{FAE04EC0-301F-11D3-BF4B-00C04F79EFBC}") = "PartsTracker.Modules.Users.UnitTests", "src\server\Modules\Users\PartsTracker.Modules.Users.UnitTests\PartsTracker.Modules.Users.UnitTests.csproj", "{B3994357-CCFF-4548-9A57-F0A061FF7F5B}"
EndProject
Project("{FAE04EC0-301F-11D3-BF4B-00C04F79EFBC}") = "PartsTracker.Modules.Users.IntegrationTests", "src\server\Modules\Users\PartsTracker.Modules.Users.IntegrationTests\PartsTracker.Modules.Users.IntegrationTests.csproj", "{C11D3923-1BA6-4F51-AEC5-E56AE72BDF6C}"
EndProject
Project("{FAE04EC0-301F-11D3-BF4B-00C04F79EFBC}") = "PartsTracker.Modules.Users.ArchitectureTests", "src\server\Modules\Users\PartsTracker.Modules.Users.ArchitectureTests\PartsTracker.Modules.Users.ArchitectureTests.csproj", "{599476EA-C090-481C-8727-8E2AC8C8A91D}"
EndProject
Project("{2150E333-8FDC-42A3-9474-1A3956D46DE8}") = "Tests", "Tests", "{CEA09484-30F6-4D44-02F6-822E06DBC57C}"
EndProject
Project("{FAE04EC0-301F-11D3-BF4B-00C04F79EFBC}") = "PartsTracker.ArchitectureTests", "src\Tests\PartsTracker.ArchitectureTests\PartsTracker.ArchitectureTests.csproj", "{8F8A70F8-990A-4599-96E6-F6C365352BAF}"
EndProject
Project("{2150E333-8FDC-42A3-9474-1A3956D46DE8}") = "Tests", "Tests", "{02A96762-588C-4B22-9F62-A1D310268959}"
EndProject
Project("{FAE04EC0-301F-11D3-BF4B-00C04F79EFBC}") = "PartsTracker.Modules.Parts.ArchitectureTests", "src\server\Modules\Parts\PartsTracker.Modules.Parts.ArchitectureTests\PartsTracker.Modules.Parts.ArchitectureTests.csproj", "{1C88873E-408A-9390-830E-F0131F8EB047}"
EndProject
Project("{FAE04EC0-301F-11D3-BF4B-00C04F79EFBC}") = "PartsTracker.Modules.Parts.IntegrationTests", "src\server\Modules\Parts\PartsTracker.Modules.Parts.IntegrationTests\PartsTracker.Modules.Parts.IntegrationTests.csproj", "{B76D15E3-7A25-425C-A13A-A87E70279B98}"
EndProject
Project("{FAE04EC0-301F-11D3-BF4B-00C04F79EFBC}") = "PartsTracker.Modules.Parts.UnitTests", "src\server\Modules\Parts\PartsTracker.Modules.Parts.UnitTests\PartsTracker.Modules.Parts.UnitTests.csproj", "{824C9A36-B6EA-4EDE-8B90-A58B525F861B}"
EndProject
Global
	GlobalSection(SolutionConfigurationPlatforms) = preSolution
		Debug|Any CPU = Debug|Any CPU
		Debug|x64 = Debug|x64
		Debug|x86 = Debug|x86
		Release|Any CPU = Release|Any CPU
		Release|x64 = Release|x64
		Release|x86 = Release|x86
	EndGlobalSection
	GlobalSection(ProjectConfigurationPlatforms) = postSolution
		{96F81337-EE48-40AF-AE71-3E38A96AF07D}.Debug|Any CPU.ActiveCfg = Debug|Any CPU
		{96F81337-EE48-40AF-AE71-3E38A96AF07D}.Debug|Any CPU.Build.0 = Debug|Any CPU
		{96F81337-EE48-40AF-AE71-3E38A96AF07D}.Debug|x64.ActiveCfg = Debug|Any CPU
		{96F81337-EE48-40AF-AE71-3E38A96AF07D}.Debug|x64.Build.0 = Debug|Any CPU
		{96F81337-EE48-40AF-AE71-3E38A96AF07D}.Debug|x86.ActiveCfg = Debug|Any CPU
		{96F81337-EE48-40AF-AE71-3E38A96AF07D}.Debug|x86.Build.0 = Debug|Any CPU
		{96F81337-EE48-40AF-AE71-3E38A96AF07D}.Release|Any CPU.ActiveCfg = Release|Any CPU
		{96F81337-EE48-40AF-AE71-3E38A96AF07D}.Release|Any CPU.Build.0 = Release|Any CPU
		{96F81337-EE48-40AF-AE71-3E38A96AF07D}.Release|x64.ActiveCfg = Release|Any CPU
		{96F81337-EE48-40AF-AE71-3E38A96AF07D}.Release|x64.Build.0 = Release|Any CPU
		{96F81337-EE48-40AF-AE71-3E38A96AF07D}.Release|x86.ActiveCfg = Release|Any CPU
		{96F81337-EE48-40AF-AE71-3E38A96AF07D}.Release|x86.Build.0 = Release|Any CPU
		{BB79D6AD-B45A-44B5-B653-A9CAAC75770D}.Debug|Any CPU.ActiveCfg = Debug|Any CPU
		{BB79D6AD-B45A-44B5-B653-A9CAAC75770D}.Debug|Any CPU.Build.0 = Debug|Any CPU
		{BB79D6AD-B45A-44B5-B653-A9CAAC75770D}.Debug|x64.ActiveCfg = Debug|Any CPU
		{BB79D6AD-B45A-44B5-B653-A9CAAC75770D}.Debug|x64.Build.0 = Debug|Any CPU
		{BB79D6AD-B45A-44B5-B653-A9CAAC75770D}.Debug|x86.ActiveCfg = Debug|Any CPU
		{BB79D6AD-B45A-44B5-B653-A9CAAC75770D}.Debug|x86.Build.0 = Debug|Any CPU
		{BB79D6AD-B45A-44B5-B653-A9CAAC75770D}.Release|Any CPU.ActiveCfg = Release|Any CPU
		{BB79D6AD-B45A-44B5-B653-A9CAAC75770D}.Release|Any CPU.Build.0 = Release|Any CPU
		{BB79D6AD-B45A-44B5-B653-A9CAAC75770D}.Release|x64.ActiveCfg = Release|Any CPU
		{BB79D6AD-B45A-44B5-B653-A9CAAC75770D}.Release|x64.Build.0 = Release|Any CPU
		{BB79D6AD-B45A-44B5-B653-A9CAAC75770D}.Release|x86.ActiveCfg = Release|Any CPU
		{BB79D6AD-B45A-44B5-B653-A9CAAC75770D}.Release|x86.Build.0 = Release|Any CPU
		{27F22581-37A2-4113-80A6-F5934FD224AA}.Debug|Any CPU.ActiveCfg = Debug|Any CPU
		{27F22581-37A2-4113-80A6-F5934FD224AA}.Debug|Any CPU.Build.0 = Debug|Any CPU
		{27F22581-37A2-4113-80A6-F5934FD224AA}.Debug|x64.ActiveCfg = Debug|Any CPU
		{27F22581-37A2-4113-80A6-F5934FD224AA}.Debug|x64.Build.0 = Debug|Any CPU
		{27F22581-37A2-4113-80A6-F5934FD224AA}.Debug|x86.ActiveCfg = Debug|Any CPU
		{27F22581-37A2-4113-80A6-F5934FD224AA}.Debug|x86.Build.0 = Debug|Any CPU
		{27F22581-37A2-4113-80A6-F5934FD224AA}.Release|Any CPU.ActiveCfg = Release|Any CPU
		{27F22581-37A2-4113-80A6-F5934FD224AA}.Release|Any CPU.Build.0 = Release|Any CPU
		{27F22581-37A2-4113-80A6-F5934FD224AA}.Release|x64.ActiveCfg = Release|Any CPU
		{27F22581-37A2-4113-80A6-F5934FD224AA}.Release|x64.Build.0 = Release|Any CPU
		{27F22581-37A2-4113-80A6-F5934FD224AA}.Release|x86.ActiveCfg = Release|Any CPU
		{27F22581-37A2-4113-80A6-F5934FD224AA}.Release|x86.Build.0 = Release|Any CPU
		{4B5EF521-4E8A-49B4-A3B1-E39C8EF8D08D}.Debug|Any CPU.ActiveCfg = Debug|Any CPU
		{4B5EF521-4E8A-49B4-A3B1-E39C8EF8D08D}.Debug|Any CPU.Build.0 = Debug|Any CPU
		{4B5EF521-4E8A-49B4-A3B1-E39C8EF8D08D}.Debug|x64.ActiveCfg = Debug|Any CPU
		{4B5EF521-4E8A-49B4-A3B1-E39C8EF8D08D}.Debug|x64.Build.0 = Debug|Any CPU
		{4B5EF521-4E8A-49B4-A3B1-E39C8EF8D08D}.Debug|x86.ActiveCfg = Debug|Any CPU
		{4B5EF521-4E8A-49B4-A3B1-E39C8EF8D08D}.Debug|x86.Build.0 = Debug|Any CPU
		{4B5EF521-4E8A-49B4-A3B1-E39C8EF8D08D}.Release|Any CPU.ActiveCfg = Release|Any CPU
		{4B5EF521-4E8A-49B4-A3B1-E39C8EF8D08D}.Release|Any CPU.Build.0 = Release|Any CPU
		{4B5EF521-4E8A-49B4-A3B1-E39C8EF8D08D}.Release|x64.ActiveCfg = Release|Any CPU
		{4B5EF521-4E8A-49B4-A3B1-E39C8EF8D08D}.Release|x64.Build.0 = Release|Any CPU
		{4B5EF521-4E8A-49B4-A3B1-E39C8EF8D08D}.Release|x86.ActiveCfg = Release|Any CPU
		{4B5EF521-4E8A-49B4-A3B1-E39C8EF8D08D}.Release|x86.Build.0 = Release|Any CPU
		{785AA269-BD43-4F41-BA3B-FFA8B5ABDE05}.Debug|Any CPU.ActiveCfg = Debug|Any CPU
		{785AA269-BD43-4F41-BA3B-FFA8B5ABDE05}.Debug|Any CPU.Build.0 = Debug|Any CPU
		{785AA269-BD43-4F41-BA3B-FFA8B5ABDE05}.Debug|x64.ActiveCfg = Debug|Any CPU
		{785AA269-BD43-4F41-BA3B-FFA8B5ABDE05}.Debug|x64.Build.0 = Debug|Any CPU
		{785AA269-BD43-4F41-BA3B-FFA8B5ABDE05}.Debug|x86.ActiveCfg = Debug|Any CPU
		{785AA269-BD43-4F41-BA3B-FFA8B5ABDE05}.Debug|x86.Build.0 = Debug|Any CPU
		{785AA269-BD43-4F41-BA3B-FFA8B5ABDE05}.Release|Any CPU.ActiveCfg = Release|Any CPU
		{785AA269-BD43-4F41-BA3B-FFA8B5ABDE05}.Release|Any CPU.Build.0 = Release|Any CPU
		{785AA269-BD43-4F41-BA3B-FFA8B5ABDE05}.Release|x64.ActiveCfg = Release|Any CPU
		{785AA269-BD43-4F41-BA3B-FFA8B5ABDE05}.Release|x64.Build.0 = Release|Any CPU
		{785AA269-BD43-4F41-BA3B-FFA8B5ABDE05}.Release|x86.ActiveCfg = Release|Any CPU
		{785AA269-BD43-4F41-BA3B-FFA8B5ABDE05}.Release|x86.Build.0 = Release|Any CPU
		{87483B30-0328-43C4-9CDD-D4AA67531BBD}.Debug|Any CPU.ActiveCfg = Debug|Any CPU
		{87483B30-0328-43C4-9CDD-D4AA67531BBD}.Debug|Any CPU.Build.0 = Debug|Any CPU
		{87483B30-0328-43C4-9CDD-D4AA67531BBD}.Debug|x64.ActiveCfg = Debug|Any CPU
		{87483B30-0328-43C4-9CDD-D4AA67531BBD}.Debug|x64.Build.0 = Debug|Any CPU
		{87483B30-0328-43C4-9CDD-D4AA67531BBD}.Debug|x86.ActiveCfg = Debug|Any CPU
		{87483B30-0328-43C4-9CDD-D4AA67531BBD}.Debug|x86.Build.0 = Debug|Any CPU
		{87483B30-0328-43C4-9CDD-D4AA67531BBD}.Release|Any CPU.ActiveCfg = Release|Any CPU
		{87483B30-0328-43C4-9CDD-D4AA67531BBD}.Release|Any CPU.Build.0 = Release|Any CPU
		{87483B30-0328-43C4-9CDD-D4AA67531BBD}.Release|x64.ActiveCfg = Release|Any CPU
		{87483B30-0328-43C4-9CDD-D4AA67531BBD}.Release|x64.Build.0 = Release|Any CPU
		{87483B30-0328-43C4-9CDD-D4AA67531BBD}.Release|x86.ActiveCfg = Release|Any CPU
		{87483B30-0328-43C4-9CDD-D4AA67531BBD}.Release|x86.Build.0 = Release|Any CPU
		{900BF41D-9FBF-4BC8-B9E6-1A30742BD181}.Debug|Any CPU.ActiveCfg = Debug|Any CPU
		{900BF41D-9FBF-4BC8-B9E6-1A30742BD181}.Debug|Any CPU.Build.0 = Debug|Any CPU
		{900BF41D-9FBF-4BC8-B9E6-1A30742BD181}.Debug|x64.ActiveCfg = Debug|Any CPU
		{900BF41D-9FBF-4BC8-B9E6-1A30742BD181}.Debug|x64.Build.0 = Debug|Any CPU
		{900BF41D-9FBF-4BC8-B9E6-1A30742BD181}.Debug|x86.ActiveCfg = Debug|Any CPU
		{900BF41D-9FBF-4BC8-B9E6-1A30742BD181}.Debug|x86.Build.0 = Debug|Any CPU
		{900BF41D-9FBF-4BC8-B9E6-1A30742BD181}.Release|Any CPU.ActiveCfg = Release|Any CPU
		{900BF41D-9FBF-4BC8-B9E6-1A30742BD181}.Release|Any CPU.Build.0 = Release|Any CPU
		{900BF41D-9FBF-4BC8-B9E6-1A30742BD181}.Release|x64.ActiveCfg = Release|Any CPU
		{900BF41D-9FBF-4BC8-B9E6-1A30742BD181}.Release|x64.Build.0 = Release|Any CPU
		{900BF41D-9FBF-4BC8-B9E6-1A30742BD181}.Release|x86.ActiveCfg = Release|Any CPU
		{900BF41D-9FBF-4BC8-B9E6-1A30742BD181}.Release|x86.Build.0 = Release|Any CPU
		{73950CAA-1DCB-460B-B1F2-92A36CF5F8C3}.Debug|Any CPU.ActiveCfg = Debug|Any CPU
		{73950CAA-1DCB-460B-B1F2-92A36CF5F8C3}.Debug|Any CPU.Build.0 = Debug|Any CPU
		{73950CAA-1DCB-460B-B1F2-92A36CF5F8C3}.Debug|x64.ActiveCfg = Debug|Any CPU
		{73950CAA-1DCB-460B-B1F2-92A36CF5F8C3}.Debug|x64.Build.0 = Debug|Any CPU
		{73950CAA-1DCB-460B-B1F2-92A36CF5F8C3}.Debug|x86.ActiveCfg = Debug|Any CPU
		{73950CAA-1DCB-460B-B1F2-92A36CF5F8C3}.Debug|x86.Build.0 = Debug|Any CPU
		{73950CAA-1DCB-460B-B1F2-92A36CF5F8C3}.Release|Any CPU.ActiveCfg = Release|Any CPU
		{73950CAA-1DCB-460B-B1F2-92A36CF5F8C3}.Release|Any CPU.Build.0 = Release|Any CPU
		{73950CAA-1DCB-460B-B1F2-92A36CF5F8C3}.Release|x64.ActiveCfg = Release|Any CPU
		{73950CAA-1DCB-460B-B1F2-92A36CF5F8C3}.Release|x64.Build.0 = Release|Any CPU
		{73950CAA-1DCB-460B-B1F2-92A36CF5F8C3}.Release|x86.ActiveCfg = Release|Any CPU
		{73950CAA-1DCB-460B-B1F2-92A36CF5F8C3}.Release|x86.Build.0 = Release|Any CPU
		{2A300CFB-2C9A-4E55-88BB-ACB8281BE836}.Debug|Any CPU.ActiveCfg = Debug|Any CPU
		{2A300CFB-2C9A-4E55-88BB-ACB8281BE836}.Debug|Any CPU.Build.0 = Debug|Any CPU
		{2A300CFB-2C9A-4E55-88BB-ACB8281BE836}.Debug|x64.ActiveCfg = Debug|Any CPU
		{2A300CFB-2C9A-4E55-88BB-ACB8281BE836}.Debug|x64.Build.0 = Debug|Any CPU
		{2A300CFB-2C9A-4E55-88BB-ACB8281BE836}.Debug|x86.ActiveCfg = Debug|Any CPU
		{2A300CFB-2C9A-4E55-88BB-ACB8281BE836}.Debug|x86.Build.0 = Debug|Any CPU
		{2A300CFB-2C9A-4E55-88BB-ACB8281BE836}.Release|Any CPU.ActiveCfg = Release|Any CPU
		{2A300CFB-2C9A-4E55-88BB-ACB8281BE836}.Release|Any CPU.Build.0 = Release|Any CPU
		{2A300CFB-2C9A-4E55-88BB-ACB8281BE836}.Release|x64.ActiveCfg = Release|Any CPU
		{2A300CFB-2C9A-4E55-88BB-ACB8281BE836}.Release|x64.Build.0 = Release|Any CPU
		{2A300CFB-2C9A-4E55-88BB-ACB8281BE836}.Release|x86.ActiveCfg = Release|Any CPU
		{2A300CFB-2C9A-4E55-88BB-ACB8281BE836}.Release|x86.Build.0 = Release|Any CPU
		{BD831907-E763-4E17-BF14-6411859C7032}.Debug|Any CPU.ActiveCfg = Debug|Any CPU
		{BD831907-E763-4E17-BF14-6411859C7032}.Debug|Any CPU.Build.0 = Debug|Any CPU
		{BD831907-E763-4E17-BF14-6411859C7032}.Debug|x64.ActiveCfg = Debug|Any CPU
		{BD831907-E763-4E17-BF14-6411859C7032}.Debug|x64.Build.0 = Debug|Any CPU
		{BD831907-E763-4E17-BF14-6411859C7032}.Debug|x86.ActiveCfg = Debug|Any CPU
		{BD831907-E763-4E17-BF14-6411859C7032}.Debug|x86.Build.0 = Debug|Any CPU
		{BD831907-E763-4E17-BF14-6411859C7032}.Release|Any CPU.ActiveCfg = Release|Any CPU
		{BD831907-E763-4E17-BF14-6411859C7032}.Release|Any CPU.Build.0 = Release|Any CPU
		{BD831907-E763-4E17-BF14-6411859C7032}.Release|x64.ActiveCfg = Release|Any CPU
		{BD831907-E763-4E17-BF14-6411859C7032}.Release|x64.Build.0 = Release|Any CPU
		{BD831907-E763-4E17-BF14-6411859C7032}.Release|x86.ActiveCfg = Release|Any CPU
		{BD831907-E763-4E17-BF14-6411859C7032}.Release|x86.Build.0 = Release|Any CPU
		{7D8500AA-89D8-424A-BBD8-128251EE4D14}.Debug|Any CPU.ActiveCfg = Debug|Any CPU
		{7D8500AA-89D8-424A-BBD8-128251EE4D14}.Debug|Any CPU.Build.0 = Debug|Any CPU
		{7D8500AA-89D8-424A-BBD8-128251EE4D14}.Debug|x64.ActiveCfg = Debug|Any CPU
		{7D8500AA-89D8-424A-BBD8-128251EE4D14}.Debug|x64.Build.0 = Debug|Any CPU
		{7D8500AA-89D8-424A-BBD8-128251EE4D14}.Debug|x86.ActiveCfg = Debug|Any CPU
		{7D8500AA-89D8-424A-BBD8-128251EE4D14}.Debug|x86.Build.0 = Debug|Any CPU
		{7D8500AA-89D8-424A-BBD8-128251EE4D14}.Release|Any CPU.ActiveCfg = Release|Any CPU
		{7D8500AA-89D8-424A-BBD8-128251EE4D14}.Release|Any CPU.Build.0 = Release|Any CPU
		{7D8500AA-89D8-424A-BBD8-128251EE4D14}.Release|x64.ActiveCfg = Release|Any CPU
		{7D8500AA-89D8-424A-BBD8-128251EE4D14}.Release|x64.Build.0 = Release|Any CPU
		{7D8500AA-89D8-424A-BBD8-128251EE4D14}.Release|x86.ActiveCfg = Release|Any CPU
		{7D8500AA-89D8-424A-BBD8-128251EE4D14}.Release|x86.Build.0 = Release|Any CPU
		{43580DDF-1955-4738-9570-4E06561E734B}.Debug|Any CPU.ActiveCfg = Debug|Any CPU
		{43580DDF-1955-4738-9570-4E06561E734B}.Debug|Any CPU.Build.0 = Debug|Any CPU
		{43580DDF-1955-4738-9570-4E06561E734B}.Debug|x64.ActiveCfg = Debug|Any CPU
		{43580DDF-1955-4738-9570-4E06561E734B}.Debug|x64.Build.0 = Debug|Any CPU
		{43580DDF-1955-4738-9570-4E06561E734B}.Debug|x86.ActiveCfg = Debug|Any CPU
		{43580DDF-1955-4738-9570-4E06561E734B}.Debug|x86.Build.0 = Debug|Any CPU
		{43580DDF-1955-4738-9570-4E06561E734B}.Release|Any CPU.ActiveCfg = Release|Any CPU
		{43580DDF-1955-4738-9570-4E06561E734B}.Release|Any CPU.Build.0 = Release|Any CPU
		{43580DDF-1955-4738-9570-4E06561E734B}.Release|x64.ActiveCfg = Release|Any CPU
		{43580DDF-1955-4738-9570-4E06561E734B}.Release|x64.Build.0 = Release|Any CPU
		{43580DDF-1955-4738-9570-4E06561E734B}.Release|x86.ActiveCfg = Release|Any CPU
		{43580DDF-1955-4738-9570-4E06561E734B}.Release|x86.Build.0 = Release|Any CPU
		{8106F130-6005-463C-A28F-4AF2988A71B7}.Debug|Any CPU.ActiveCfg = Debug|Any CPU
		{8106F130-6005-463C-A28F-4AF2988A71B7}.Debug|Any CPU.Build.0 = Debug|Any CPU
		{8106F130-6005-463C-A28F-4AF2988A71B7}.Debug|x64.ActiveCfg = Debug|Any CPU
		{8106F130-6005-463C-A28F-4AF2988A71B7}.Debug|x64.Build.0 = Debug|Any CPU
		{8106F130-6005-463C-A28F-4AF2988A71B7}.Debug|x86.ActiveCfg = Debug|Any CPU
		{8106F130-6005-463C-A28F-4AF2988A71B7}.Debug|x86.Build.0 = Debug|Any CPU
		{8106F130-6005-463C-A28F-4AF2988A71B7}.Release|Any CPU.ActiveCfg = Release|Any CPU
		{8106F130-6005-463C-A28F-4AF2988A71B7}.Release|Any CPU.Build.0 = Release|Any CPU
		{8106F130-6005-463C-A28F-4AF2988A71B7}.Release|x64.ActiveCfg = Release|Any CPU
		{8106F130-6005-463C-A28F-4AF2988A71B7}.Release|x64.Build.0 = Release|Any CPU
		{8106F130-6005-463C-A28F-4AF2988A71B7}.Release|x86.ActiveCfg = Release|Any CPU
		{8106F130-6005-463C-A28F-4AF2988A71B7}.Release|x86.Build.0 = Release|Any CPU
		{C9357DAB-EBE0-4ABF-AE9D-E52633BE9FAF}.Debug|Any CPU.ActiveCfg = Debug|Any CPU
		{C9357DAB-EBE0-4ABF-AE9D-E52633BE9FAF}.Debug|Any CPU.Build.0 = Debug|Any CPU
		{C9357DAB-EBE0-4ABF-AE9D-E52633BE9FAF}.Debug|x64.ActiveCfg = Debug|Any CPU
		{C9357DAB-EBE0-4ABF-AE9D-E52633BE9FAF}.Debug|x64.Build.0 = Debug|Any CPU
		{C9357DAB-EBE0-4ABF-AE9D-E52633BE9FAF}.Debug|x86.ActiveCfg = Debug|Any CPU
		{C9357DAB-EBE0-4ABF-AE9D-E52633BE9FAF}.Debug|x86.Build.0 = Debug|Any CPU
		{C9357DAB-EBE0-4ABF-AE9D-E52633BE9FAF}.Release|Any CPU.ActiveCfg = Release|Any CPU
		{C9357DAB-EBE0-4ABF-AE9D-E52633BE9FAF}.Release|Any CPU.Build.0 = Release|Any CPU
		{C9357DAB-EBE0-4ABF-AE9D-E52633BE9FAF}.Release|x64.ActiveCfg = Release|Any CPU
		{C9357DAB-EBE0-4ABF-AE9D-E52633BE9FAF}.Release|x64.Build.0 = Release|Any CPU
		{C9357DAB-EBE0-4ABF-AE9D-E52633BE9FAF}.Release|x86.ActiveCfg = Release|Any CPU
		{C9357DAB-EBE0-4ABF-AE9D-E52633BE9FAF}.Release|x86.Build.0 = Release|Any CPU
		{B47834BC-5D3E-46E7-8F88-93366A01F4BC}.Debug|Any CPU.ActiveCfg = Debug|Any CPU
		{B47834BC-5D3E-46E7-8F88-93366A01F4BC}.Debug|Any CPU.Build.0 = Debug|Any CPU
		{B47834BC-5D3E-46E7-8F88-93366A01F4BC}.Debug|x64.ActiveCfg = Debug|Any CPU
		{B47834BC-5D3E-46E7-8F88-93366A01F4BC}.Debug|x64.Build.0 = Debug|Any CPU
		{B47834BC-5D3E-46E7-8F88-93366A01F4BC}.Debug|x86.ActiveCfg = Debug|Any CPU
		{B47834BC-5D3E-46E7-8F88-93366A01F4BC}.Debug|x86.Build.0 = Debug|Any CPU
		{B47834BC-5D3E-46E7-8F88-93366A01F4BC}.Release|Any CPU.ActiveCfg = Release|Any CPU
		{B47834BC-5D3E-46E7-8F88-93366A01F4BC}.Release|Any CPU.Build.0 = Release|Any CPU
		{B47834BC-5D3E-46E7-8F88-93366A01F4BC}.Release|x64.ActiveCfg = Release|Any CPU
		{B47834BC-5D3E-46E7-8F88-93366A01F4BC}.Release|x64.Build.0 = Release|Any CPU
		{B47834BC-5D3E-46E7-8F88-93366A01F4BC}.Release|x86.ActiveCfg = Release|Any CPU
		{B47834BC-5D3E-46E7-8F88-93366A01F4BC}.Release|x86.Build.0 = Release|Any CPU
		{EF8CEF4B-D7FA-18DC-C578-4D18DC6EC7BB}.Debug|Any CPU.ActiveCfg = Debug|Any CPU
		{EF8CEF4B-D7FA-18DC-C578-4D18DC6EC7BB}.Debug|Any CPU.Build.0 = Debug|Any CPU
		{EF8CEF4B-D7FA-18DC-C578-4D18DC6EC7BB}.Debug|Any CPU.Deploy.0 = Debug|Any CPU
		{EF8CEF4B-D7FA-18DC-C578-4D18DC6EC7BB}.Debug|x64.ActiveCfg = Debug|Any CPU
		{EF8CEF4B-D7FA-18DC-C578-4D18DC6EC7BB}.Debug|x64.Build.0 = Debug|Any CPU
		{EF8CEF4B-D7FA-18DC-C578-4D18DC6EC7BB}.Debug|x64.Deploy.0 = Debug|Any CPU
		{EF8CEF4B-D7FA-18DC-C578-4D18DC6EC7BB}.Debug|x86.ActiveCfg = Debug|Any CPU
		{EF8CEF4B-D7FA-18DC-C578-4D18DC6EC7BB}.Debug|x86.Build.0 = Debug|Any CPU
		{EF8CEF4B-D7FA-18DC-C578-4D18DC6EC7BB}.Debug|x86.Deploy.0 = Debug|Any CPU
		{EF8CEF4B-D7FA-18DC-C578-4D18DC6EC7BB}.Release|Any CPU.ActiveCfg = Release|Any CPU
		{EF8CEF4B-D7FA-18DC-C578-4D18DC6EC7BB}.Release|Any CPU.Build.0 = Release|Any CPU
		{EF8CEF4B-D7FA-18DC-C578-4D18DC6EC7BB}.Release|Any CPU.Deploy.0 = Release|Any CPU
		{EF8CEF4B-D7FA-18DC-C578-4D18DC6EC7BB}.Release|x64.ActiveCfg = Release|Any CPU
		{EF8CEF4B-D7FA-18DC-C578-4D18DC6EC7BB}.Release|x64.Build.0 = Release|Any CPU
		{EF8CEF4B-D7FA-18DC-C578-4D18DC6EC7BB}.Release|x64.Deploy.0 = Release|Any CPU
		{EF8CEF4B-D7FA-18DC-C578-4D18DC6EC7BB}.Release|x86.ActiveCfg = Release|Any CPU
		{EF8CEF4B-D7FA-18DC-C578-4D18DC6EC7BB}.Release|x86.Build.0 = Release|Any CPU
		{EF8CEF4B-D7FA-18DC-C578-4D18DC6EC7BB}.Release|x86.Deploy.0 = Release|Any CPU
		{428C82D3-D616-4765-8A6A-DE50541CE102}.Debug|Any CPU.ActiveCfg = Debug|Any CPU
		{428C82D3-D616-4765-8A6A-DE50541CE102}.Debug|Any CPU.Build.0 = Debug|Any CPU
		{428C82D3-D616-4765-8A6A-DE50541CE102}.Debug|x64.ActiveCfg = Debug|Any CPU
		{428C82D3-D616-4765-8A6A-DE50541CE102}.Debug|x64.Build.0 = Debug|Any CPU
		{428C82D3-D616-4765-8A6A-DE50541CE102}.Debug|x86.ActiveCfg = Debug|Any CPU
		{428C82D3-D616-4765-8A6A-DE50541CE102}.Debug|x86.Build.0 = Debug|Any CPU
		{428C82D3-D616-4765-8A6A-DE50541CE102}.Release|Any CPU.ActiveCfg = Release|Any CPU
		{428C82D3-D616-4765-8A6A-DE50541CE102}.Release|Any CPU.Build.0 = Release|Any CPU
		{428C82D3-D616-4765-8A6A-DE50541CE102}.Release|x64.ActiveCfg = Release|Any CPU
		{428C82D3-D616-4765-8A6A-DE50541CE102}.Release|x64.Build.0 = Release|Any CPU
		{428C82D3-D616-4765-8A6A-DE50541CE102}.Release|x86.ActiveCfg = Release|Any CPU
		{428C82D3-D616-4765-8A6A-DE50541CE102}.Release|x86.Build.0 = Release|Any CPU
		{B3994357-CCFF-4548-9A57-F0A061FF7F5B}.Debug|Any CPU.ActiveCfg = Debug|Any CPU
		{B3994357-CCFF-4548-9A57-F0A061FF7F5B}.Debug|Any CPU.Build.0 = Debug|Any CPU
		{B3994357-CCFF-4548-9A57-F0A061FF7F5B}.Debug|x64.ActiveCfg = Debug|Any CPU
		{B3994357-CCFF-4548-9A57-F0A061FF7F5B}.Debug|x64.Build.0 = Debug|Any CPU
		{B3994357-CCFF-4548-9A57-F0A061FF7F5B}.Debug|x86.ActiveCfg = Debug|Any CPU
		{B3994357-CCFF-4548-9A57-F0A061FF7F5B}.Debug|x86.Build.0 = Debug|Any CPU
		{B3994357-CCFF-4548-9A57-F0A061FF7F5B}.Release|Any CPU.ActiveCfg = Release|Any CPU
		{B3994357-CCFF-4548-9A57-F0A061FF7F5B}.Release|Any CPU.Build.0 = Release|Any CPU
		{B3994357-CCFF-4548-9A57-F0A061FF7F5B}.Release|x64.ActiveCfg = Release|Any CPU
		{B3994357-CCFF-4548-9A57-F0A061FF7F5B}.Release|x64.Build.0 = Release|Any CPU
		{B3994357-CCFF-4548-9A57-F0A061FF7F5B}.Release|x86.ActiveCfg = Release|Any CPU
		{B3994357-CCFF-4548-9A57-F0A061FF7F5B}.Release|x86.Build.0 = Release|Any CPU
		{C11D3923-1BA6-4F51-AEC5-E56AE72BDF6C}.Debug|Any CPU.ActiveCfg = Debug|Any CPU
		{C11D3923-1BA6-4F51-AEC5-E56AE72BDF6C}.Debug|Any CPU.Build.0 = Debug|Any CPU
		{C11D3923-1BA6-4F51-AEC5-E56AE72BDF6C}.Debug|x64.ActiveCfg = Debug|Any CPU
		{C11D3923-1BA6-4F51-AEC5-E56AE72BDF6C}.Debug|x64.Build.0 = Debug|Any CPU
		{C11D3923-1BA6-4F51-AEC5-E56AE72BDF6C}.Debug|x86.ActiveCfg = Debug|Any CPU
		{C11D3923-1BA6-4F51-AEC5-E56AE72BDF6C}.Debug|x86.Build.0 = Debug|Any CPU
		{C11D3923-1BA6-4F51-AEC5-E56AE72BDF6C}.Release|Any CPU.ActiveCfg = Release|Any CPU
		{C11D3923-1BA6-4F51-AEC5-E56AE72BDF6C}.Release|Any CPU.Build.0 = Release|Any CPU
		{C11D3923-1BA6-4F51-AEC5-E56AE72BDF6C}.Release|x64.ActiveCfg = Release|Any CPU
		{C11D3923-1BA6-4F51-AEC5-E56AE72BDF6C}.Release|x64.Build.0 = Release|Any CPU
		{C11D3923-1BA6-4F51-AEC5-E56AE72BDF6C}.Release|x86.ActiveCfg = Release|Any CPU
		{C11D3923-1BA6-4F51-AEC5-E56AE72BDF6C}.Release|x86.Build.0 = Release|Any CPU
		{599476EA-C090-481C-8727-8E2AC8C8A91D}.Debug|Any CPU.ActiveCfg = Debug|Any CPU
		{599476EA-C090-481C-8727-8E2AC8C8A91D}.Debug|Any CPU.Build.0 = Debug|Any CPU
		{599476EA-C090-481C-8727-8E2AC8C8A91D}.Debug|x64.ActiveCfg = Debug|Any CPU
		{599476EA-C090-481C-8727-8E2AC8C8A91D}.Debug|x64.Build.0 = Debug|Any CPU
		{599476EA-C090-481C-8727-8E2AC8C8A91D}.Debug|x86.ActiveCfg = Debug|Any CPU
		{599476EA-C090-481C-8727-8E2AC8C8A91D}.Debug|x86.Build.0 = Debug|Any CPU
		{599476EA-C090-481C-8727-8E2AC8C8A91D}.Release|Any CPU.ActiveCfg = Release|Any CPU
		{599476EA-C090-481C-8727-8E2AC8C8A91D}.Release|Any CPU.Build.0 = Release|Any CPU
		{599476EA-C090-481C-8727-8E2AC8C8A91D}.Release|x64.ActiveCfg = Release|Any CPU
		{599476EA-C090-481C-8727-8E2AC8C8A91D}.Release|x64.Build.0 = Release|Any CPU
		{599476EA-C090-481C-8727-8E2AC8C8A91D}.Release|x86.ActiveCfg = Release|Any CPU
		{599476EA-C090-481C-8727-8E2AC8C8A91D}.Release|x86.Build.0 = Release|Any CPU
		{8F8A70F8-990A-4599-96E6-F6C365352BAF}.Debug|Any CPU.ActiveCfg = Debug|Any CPU
		{8F8A70F8-990A-4599-96E6-F6C365352BAF}.Debug|Any CPU.Build.0 = Debug|Any CPU
		{8F8A70F8-990A-4599-96E6-F6C365352BAF}.Debug|x64.ActiveCfg = Debug|Any CPU
		{8F8A70F8-990A-4599-96E6-F6C365352BAF}.Debug|x64.Build.0 = Debug|Any CPU
		{8F8A70F8-990A-4599-96E6-F6C365352BAF}.Debug|x86.ActiveCfg = Debug|Any CPU
		{8F8A70F8-990A-4599-96E6-F6C365352BAF}.Debug|x86.Build.0 = Debug|Any CPU
		{8F8A70F8-990A-4599-96E6-F6C365352BAF}.Release|Any CPU.ActiveCfg = Release|Any CPU
		{8F8A70F8-990A-4599-96E6-F6C365352BAF}.Release|Any CPU.Build.0 = Release|Any CPU
		{8F8A70F8-990A-4599-96E6-F6C365352BAF}.Release|x64.ActiveCfg = Release|Any CPU
		{8F8A70F8-990A-4599-96E6-F6C365352BAF}.Release|x64.Build.0 = Release|Any CPU
		{8F8A70F8-990A-4599-96E6-F6C365352BAF}.Release|x86.ActiveCfg = Release|Any CPU
		{8F8A70F8-990A-4599-96E6-F6C365352BAF}.Release|x86.Build.0 = Release|Any CPU
		{1C88873E-408A-9390-830E-F0131F8EB047}.Debug|Any CPU.ActiveCfg = Debug|Any CPU
		{1C88873E-408A-9390-830E-F0131F8EB047}.Debug|Any CPU.Build.0 = Debug|Any CPU
		{1C88873E-408A-9390-830E-F0131F8EB047}.Debug|x64.ActiveCfg = Debug|Any CPU
		{1C88873E-408A-9390-830E-F0131F8EB047}.Debug|x64.Build.0 = Debug|Any CPU
		{1C88873E-408A-9390-830E-F0131F8EB047}.Debug|x86.ActiveCfg = Debug|Any CPU
		{1C88873E-408A-9390-830E-F0131F8EB047}.Debug|x86.Build.0 = Debug|Any CPU
		{1C88873E-408A-9390-830E-F0131F8EB047}.Release|Any CPU.ActiveCfg = Release|Any CPU
		{1C88873E-408A-9390-830E-F0131F8EB047}.Release|Any CPU.Build.0 = Release|Any CPU
		{1C88873E-408A-9390-830E-F0131F8EB047}.Release|x64.ActiveCfg = Release|Any CPU
		{1C88873E-408A-9390-830E-F0131F8EB047}.Release|x64.Build.0 = Release|Any CPU
		{1C88873E-408A-9390-830E-F0131F8EB047}.Release|x86.ActiveCfg = Release|Any CPU
		{1C88873E-408A-9390-830E-F0131F8EB047}.Release|x86.Build.0 = Release|Any CPU
		{B76D15E3-7A25-425C-A13A-A87E70279B98}.Debug|Any CPU.ActiveCfg = Debug|Any CPU
		{B76D15E3-7A25-425C-A13A-A87E70279B98}.Debug|Any CPU.Build.0 = Debug|Any CPU
		{B76D15E3-7A25-425C-A13A-A87E70279B98}.Debug|x64.ActiveCfg = Debug|Any CPU
		{B76D15E3-7A25-425C-A13A-A87E70279B98}.Debug|x64.Build.0 = Debug|Any CPU
		{B76D15E3-7A25-425C-A13A-A87E70279B98}.Debug|x86.ActiveCfg = Debug|Any CPU
		{B76D15E3-7A25-425C-A13A-A87E70279B98}.Debug|x86.Build.0 = Debug|Any CPU
		{B76D15E3-7A25-425C-A13A-A87E70279B98}.Release|Any CPU.ActiveCfg = Release|Any CPU
		{B76D15E3-7A25-425C-A13A-A87E70279B98}.Release|Any CPU.Build.0 = Release|Any CPU
		{B76D15E3-7A25-425C-A13A-A87E70279B98}.Release|x64.ActiveCfg = Release|Any CPU
		{B76D15E3-7A25-425C-A13A-A87E70279B98}.Release|x64.Build.0 = Release|Any CPU
		{B76D15E3-7A25-425C-A13A-A87E70279B98}.Release|x86.ActiveCfg = Release|Any CPU
		{B76D15E3-7A25-425C-A13A-A87E70279B98}.Release|x86.Build.0 = Release|Any CPU
		{824C9A36-B6EA-4EDE-8B90-A58B525F861B}.Debug|Any CPU.ActiveCfg = Debug|Any CPU
		{824C9A36-B6EA-4EDE-8B90-A58B525F861B}.Debug|Any CPU.Build.0 = Debug|Any CPU
		{824C9A36-B6EA-4EDE-8B90-A58B525F861B}.Debug|x64.ActiveCfg = Debug|Any CPU
		{824C9A36-B6EA-4EDE-8B90-A58B525F861B}.Debug|x64.Build.0 = Debug|Any CPU
		{824C9A36-B6EA-4EDE-8B90-A58B525F861B}.Debug|x86.ActiveCfg = Debug|Any CPU
		{824C9A36-B6EA-4EDE-8B90-A58B525F861B}.Debug|x86.Build.0 = Debug|Any CPU
		{824C9A36-B6EA-4EDE-8B90-A58B525F861B}.Release|Any CPU.ActiveCfg = Release|Any CPU
		{824C9A36-B6EA-4EDE-8B90-A58B525F861B}.Release|Any CPU.Build.0 = Release|Any CPU
		{824C9A36-B6EA-4EDE-8B90-A58B525F861B}.Release|x64.ActiveCfg = Release|Any CPU
		{824C9A36-B6EA-4EDE-8B90-A58B525F861B}.Release|x64.Build.0 = Release|Any CPU
		{824C9A36-B6EA-4EDE-8B90-A58B525F861B}.Release|x86.ActiveCfg = Release|Any CPU
		{824C9A36-B6EA-4EDE-8B90-A58B525F861B}.Release|x86.Build.0 = Release|Any CPU
	EndGlobalSection
	GlobalSection(SolutionProperties) = preSolution
		HideSolutionNode = FALSE
	EndGlobalSection
	GlobalSection(NestedProjects) = preSolution
		{E6B48023-E680-40DA-9E17-319585C26937} = {827E0CD3-B72D-47B6-A68D-7590B98EB39B}
		{3E66FED4-B31B-BAB0-4F88-54194A44B17A} = {E6B48023-E680-40DA-9E17-319585C26937}
		{96F81337-EE48-40AF-AE71-3E38A96AF07D} = {3E66FED4-B31B-BAB0-4F88-54194A44B17A}
		{87A70F27-2A8C-CD46-F15D-9FB17EE6A210} = {E6B48023-E680-40DA-9E17-319585C26937}
		{BB79D6AD-B45A-44B5-B653-A9CAAC75770D} = {87A70F27-2A8C-CD46-F15D-9FB17EE6A210}
		{27F22581-37A2-4113-80A6-F5934FD224AA} = {87A70F27-2A8C-CD46-F15D-9FB17EE6A210}
		{4B5EF521-4E8A-49B4-A3B1-E39C8EF8D08D} = {87A70F27-2A8C-CD46-F15D-9FB17EE6A210}
		{785AA269-BD43-4F41-BA3B-FFA8B5ABDE05} = {87A70F27-2A8C-CD46-F15D-9FB17EE6A210}
		{3EAA1022-078B-7EEC-88C8-12280A6EA069} = {E6B48023-E680-40DA-9E17-319585C26937}
		{F93BFB14-4956-6268-9695-7CC6BE7C7CFF} = {3EAA1022-078B-7EEC-88C8-12280A6EA069}
		{87483B30-0328-43C4-9CDD-D4AA67531BBD} = {F93BFB14-4956-6268-9695-7CC6BE7C7CFF}
		{900BF41D-9FBF-4BC8-B9E6-1A30742BD181} = {F93BFB14-4956-6268-9695-7CC6BE7C7CFF}
		{73950CAA-1DCB-460B-B1F2-92A36CF5F8C3} = {F93BFB14-4956-6268-9695-7CC6BE7C7CFF}
		{2A300CFB-2C9A-4E55-88BB-ACB8281BE836} = {F93BFB14-4956-6268-9695-7CC6BE7C7CFF}
		{BD831907-E763-4E17-BF14-6411859C7032} = {F93BFB14-4956-6268-9695-7CC6BE7C7CFF}
		{BAF5058E-012D-E18F-3DE1-FE2FEE6AE745} = {3EAA1022-078B-7EEC-88C8-12280A6EA069}
		{7D8500AA-89D8-424A-BBD8-128251EE4D14} = {BAF5058E-012D-E18F-3DE1-FE2FEE6AE745}
		{43580DDF-1955-4738-9570-4E06561E734B} = {BAF5058E-012D-E18F-3DE1-FE2FEE6AE745}
		{8106F130-6005-463C-A28F-4AF2988A71B7} = {BAF5058E-012D-E18F-3DE1-FE2FEE6AE745}
		{C9357DAB-EBE0-4ABF-AE9D-E52633BE9FAF} = {BAF5058E-012D-E18F-3DE1-FE2FEE6AE745}
		{B47834BC-5D3E-46E7-8F88-93366A01F4BC} = {BAF5058E-012D-E18F-3DE1-FE2FEE6AE745}
		{02EA681E-C7D8-13C7-8484-4AC65E1B71E8} = {827E0CD3-B72D-47B6-A68D-7590B98EB39B}
		{EF8CEF4B-D7FA-18DC-C578-4D18DC6EC7BB} = {02EA681E-C7D8-13C7-8484-4AC65E1B71E8}
		{3BD402F8-8E5C-4AD4-B577-3CD61619D88B} = {F93BFB14-4956-6268-9695-7CC6BE7C7CFF}
		{B3994357-CCFF-4548-9A57-F0A061FF7F5B} = {3BD402F8-8E5C-4AD4-B577-3CD61619D88B}
		{C11D3923-1BA6-4F51-AEC5-E56AE72BDF6C} = {3BD402F8-8E5C-4AD4-B577-3CD61619D88B}
		{599476EA-C090-481C-8727-8E2AC8C8A91D} = {3BD402F8-8E5C-4AD4-B577-3CD61619D88B}
		{CEA09484-30F6-4D44-02F6-822E06DBC57C} = {827E0CD3-B72D-47B6-A68D-7590B98EB39B}
		{8F8A70F8-990A-4599-96E6-F6C365352BAF} = {CEA09484-30F6-4D44-02F6-822E06DBC57C}
		{02A96762-588C-4B22-9F62-A1D310268959} = {BAF5058E-012D-E18F-3DE1-FE2FEE6AE745}
		{1C88873E-408A-9390-830E-F0131F8EB047} = {02A96762-588C-4B22-9F62-A1D310268959}
		{B76D15E3-7A25-425C-A13A-A87E70279B98} = {02A96762-588C-4B22-9F62-A1D310268959}
		{824C9A36-B6EA-4EDE-8B90-A58B525F861B} = {02A96762-588C-4B22-9F62-A1D310268959}
	EndGlobalSection
	GlobalSection(ExtensibilityGlobals) = postSolution
		SolutionGuid = {E3E46843-B2FB-47C2-9D4E-82B7C133529C}
	EndGlobalSection
EndGlobal
